// !$*UTF8*$!
{
	archiveVersion = 1;
	classes = {
	};
	objectVersion = 56;
	objects = {

/* Begin PBXBuildFile section */
		7C9203A12CDE1C4E007C6196 /* AppDelegate.m in Sources */ = {isa = PBXBuildFile; fileRef = 7C9203A02CDE1C4E007C6196 /* AppDelegate.m */; };
		7C9203A42CDE1C4E007C6196 /* SceneDelegate.m in Sources */ = {isa = PBXBuildFile; fileRef = 7C9203A32CDE1C4E007C6196 /* SceneDelegate.m */; };
		7C9203A72CDE1C4E007C6196 /* ViewController.m in Sources */ = {isa = PBXBuildFile; fileRef = 7C9203A62CDE1C4E007C6196 /* ViewController.m */; };
		7C9203AA2CDE1C4E007C6196 /* Main.storyboard in Resources */ = {isa = PBXBuildFile; fileRef = 7C9203A82CDE1C4E007C6196 /* Main.storyboard */; };
		7C9203AC2CDE1C65007C6196 /* Assets.xcassets in Resources */ = {isa = PBXBuildFile; fileRef = 7C9203AB2CDE1C65007C6196 /* Assets.xcassets */; };
		7C9203AF2CDE1C65007C6196 /* LaunchScreen.storyboard in Resources */ = {isa = PBXBuildFile; fileRef = 7C9203AD2CDE1C65007C6196 /* LaunchScreen.storyboard */; };
		7C9203B22CDE1C65007C6196 /* main.m in Sources */ = {isa = PBXBuildFile; fileRef = 7C9203B12CDE1C65007C6196 /* main.m */; };
		7C9203BC2CDE2A92007C6196 /* WebKit.framework in Frameworks */ = {isa = PBXBuildFile; fileRef = 7C9203BB2CDE2A92007C6196 /* WebKit.framework */; };
		7C9203BF2CDE2C79007C6196 /* AppJSObject.m in Sources */ = {isa = PBXBuildFile; fileRef = 7C9203BE2CDE2C78007C6196 /* AppJSObject.m */; };
/* End PBXBuildFile section */

/* Begin PBXFileReference section */
		7C92039C2CDE1C4E007C6196 /* mywebview.app */ = {isa = PBXFileReference; explicitFileType = wrapper.application; includeInIndex = 0; path = mywebview.app; sourceTree = BUILT_PRODUCTS_DIR; };
		7C92039F2CDE1C4E007C6196 /* AppDelegate.h */ = {isa = PBXFileReference; lastKnownFileType = sourcecode.c.h; path = AppDelegate.h; sourceTree = "<group>"; };
		7C9203A02CDE1C4E007C6196 /* AppDelegate.m */ = {isa = PBXFileReference; lastKnownFileType = sourcecode.c.objc; path = AppDelegate.m; sourceTree = "<group>"; };
		7C9203A22CDE1C4E007C6196 /* SceneDelegate.h */ = {isa = PBXFileReference; lastKnownFileType = sourcecode.c.h; path = SceneDelegate.h; sourceTree = "<group>"; };
		7C9203A32CDE1C4E007C6196 /* SceneDelegate.m */ = {isa = PBXFileReference; lastKnownFileType = sourcecode.c.objc; path = SceneDelegate.m; sourceTree = "<group>"; };
		7C9203A52CDE1C4E007C6196 /* ViewController.h */ = {isa = PBXFileReference; lastKnownFileType = sourcecode.c.h; path = ViewController.h; sourceTree = "<group>"; };
		7C9203A62CDE1C4E007C6196 /* ViewController.m */ = {isa = PBXFileReference; lastKnownFileType = sourcecode.c.objc; path = ViewController.m; sourceTree = "<group>"; };
		7C9203A92CDE1C4E007C6196 /* Base */ = {isa = PBXFileReference; lastKnownFileType = file.storyboard; name = Base; path = Base.lproj/Main.storyboard; sourceTree = "<group>"; };
		7C9203AB2CDE1C65007C6196 /* Assets.xcassets */ = {isa = PBXFileReference; lastKnownFileType = folder.assetcatalog; path = Assets.xcassets; sourceTree = "<group>"; };
		7C9203AE2CDE1C65007C6196 /* Base */ = {isa = PBXFileReference; lastKnownFileType = file.storyboard; name = Base; path = Base.lproj/LaunchScreen.storyboard; sourceTree = "<group>"; };
		7C9203B02CDE1C65007C6196 /* Info.plist */ = {isa = PBXFileReference; lastKnownFileType = text.plist.xml; path = Info.plist; sourceTree = "<group>"; };
		7C9203B12CDE1C65007C6196 /* main.m */ = {isa = PBXFileReference; lastKnownFileType = sourcecode.c.objc; path = main.m; sourceTree = "<group>"; };
		7C9203BB2CDE2A92007C6196 /* WebKit.framework */ = {isa = PBXFileReference; lastKnownFileType = wrapper.framework; name = WebKit.framework; path = System/Library/Frameworks/WebKit.framework; sourceTree = SDKROOT; };
		7C9203BD2CDE2C3C007C6196 /* AppJSObject.h */ = {isa = PBXFileReference; lastKnownFileType = sourcecode.c.h; path = AppJSObject.h; sourceTree = "<group>"; };
		7C9203BE2CDE2C78007C6196 /* AppJSObject.m */ = {isa = PBXFileReference; lastKnownFileType = sourcecode.c.objc; path = AppJSObject.m; sourceTree = "<group>"; };
/* End PBXFileReference section */

/* Begin PBXFrameworksBuildPhase section */
		7C9203992CDE1C4E007C6196 /* Frameworks */ = {
			isa = PBXFrameworksBuildPhase;
			buildActionMask = 2147483647;
			files = (
				7C9203BC2CDE2A92007C6196 /* WebKit.framework in Frameworks */,
			);
			runOnlyForDeploymentPostprocessing = 0;
		};
/* End PBXFrameworksBuildPhase section */

/* Begin PBXGroup section */
		7C9203932CDE1C4E007C6196 = {
			isa = PBXGroup;
			children = (
				7C92039E2CDE1C4E007C6196 /* mywebview */,
				7C92039D2CDE1C4E007C6196 /* Products */,
				7C9203BA2CDE2A92007C6196 /* Frameworks */,
			);
			sourceTree = "<group>";
		};
		7C92039D2CDE1C4E007C6196 /* Products */ = {
			isa = PBXGroup;
			children = (
				7C92039C2CDE1C4E007C6196 /* mywebview.app */,
			);
			name = Products;
			sourceTree = "<group>";
		};
		7C92039E2CDE1C4E007C6196 /* mywebview */ = {
			isa = PBXGroup;
			children = (
				7C92039F2CDE1C4E007C6196 /* AppDelegate.h */,
				7C9203A02CDE1C4E007C6196 /* AppDelegate.m */,
				7C9203A22CDE1C4E007C6196 /* SceneDelegate.h */,
				7C9203A32CDE1C4E007C6196 /* SceneDelegate.m */,
				7C9203A52CDE1C4E007C6196 /* ViewController.h */,
				7C9203A62CDE1C4E007C6196 /* ViewController.m */,
				7C9203A82CDE1C4E007C6196 /* Main.storyboard */,
				7C9203AB2CDE1C65007C6196 /* Assets.xcassets */,
				7C9203AD2CDE1C65007C6196 /* LaunchScreen.storyboard */,
				7C9203B02CDE1C65007C6196 /* Info.plist */,
				7C9203B12CDE1C65007C6196 /* main.m */,
				7C9203BD2CDE2C3C007C6196 /* AppJSObject.h */,
				7C9203BE2CDE2C78007C6196 /* AppJSObject.m */,
			);
			path = mywebview;
			sourceTree = "<group>";
		};
		7C9203BA2CDE2A92007C6196 /* Frameworks */ = {
			isa = PBXGroup;
			children = (
				7C9203BB2CDE2A92007C6196 /* WebKit.framework */,
			);
			name = Frameworks;
			sourceTree = "<group>";
		};
/* End PBXGroup section */

/* Begin PBXNativeTarget section */
		7C92039B2CDE1C4E007C6196 /* mywebview */ = {
			isa = PBXNativeTarget;
			buildConfigurationList = 7C9203B52CDE1C65007C6196 /* Build configuration list for PBXNativeTarget "mywebview" */;
			buildPhases = (
				7C9203982CDE1C4E007C6196 /* Sources */,
				7C9203992CDE1C4E007C6196 /* Frameworks */,
				7C92039A2CDE1C4E007C6196 /* Resources */,
			);
			buildRules = (
			);
			dependencies = (
			);
			name = mywebview;
			productName = mywebview;
			productReference = 7C92039C2CDE1C4E007C6196 /* mywebview.app */;
			productType = "com.apple.product-type.application";
		};
/* End PBXNativeTarget section */

/* Begin PBXProject section */
		7C9203942CDE1C4E007C6196 /* Project object */ = {
			isa = PBXProject;
			attributes = {
				BuildIndependentTargetsInParallel = 1;
				LastUpgradeCheck = 1420;
				TargetAttributes = {
					7C92039B2CDE1C4E007C6196 = {
						CreatedOnToolsVersion = 14.2;
					};
				};
			};
			buildConfigurationList = 7C9203972CDE1C4E007C6196 /* Build configuration list for PBXProject "mywebview" */;
			compatibilityVersion = "Xcode 14.0";
			developmentRegion = en;
			hasScannedForEncodings = 0;
			knownRegions = (
				en,
				Base,
			);
			mainGroup = 7C9203932CDE1C4E007C6196;
			productRefGroup = 7C92039D2CDE1C4E007C6196 /* Products */;
			projectDirPath = "";
			projectRoot = "";
			targets = (
				7C92039B2CDE1C4E007C6196 /* mywebview */,
			);
		};
/* End PBXProject section */

/* Begin PBXResourcesBuildPhase section */
		7C92039A2CDE1C4E007C6196 /* Resources */ = {
			isa = PBXResourcesBuildPhase;
			buildActionMask = 2147483647;
			files = (
				7C9203AF2CDE1C65007C6196 /* LaunchScreen.storyboard in Resources */,
				7C9203AC2CDE1C65007C6196 /* Assets.xcassets in Resources */,
				7C9203AA2CDE1C4E007C6196 /* Main.storyboard in Resources */,
			);
			runOnlyForDeploymentPostprocessing = 0;
		};
/* End PBXResourcesBuildPhase section */

/* Begin PBXSourcesBuildPhase section */
		7C9203982CDE1C4E007C6196 /* Sources */ = {
			isa = PBXSourcesBuildPhase;
			buildActionMask = 2147483647;
			files = (
				7C9203A72CDE1C4E007C6196 /* ViewController.m in Sources */,
				7C9203A12CDE1C4E007C6196 /* AppDelegate.m in Sources */,
				7C9203BF2CDE2C79007C6196 /* AppJSObject.m in Sources */,
				7C9203B22CDE1C65007C6196 /* main.m in Sources */,
				7C9203A42CDE1C4E007C6196 /* SceneDelegate.m in Sources */,
			);
			runOnlyForDeploymentPostprocessing = 0;
		};
/* End PBXSourcesBuildPhase section */

/* Begin PBXVariantGroup section */
		7C9203A82CDE1C4E007C6196 /* Main.storyboard */ = {
			isa = PBXVariantGroup;
			children = (
				7C9203A92CDE1C4E007C6196 /* Base */,
			);
			name = Main.storyboard;
			sourceTree = "<group>";
		};
		7C9203AD2CDE1C65007C6196 /* LaunchScreen.storyboard */ = {
			isa = PBXVariantGroup;
			children = (
				7C9203AE2CDE1C65007C6196 /* Base */,
			);
			name = LaunchScreen.storyboard;
			sourceTree = "<group>";
		};
/* End PBXVariantGroup section */

/* Begin XCBuildConfiguration section */
		7C9203B32CDE1C65007C6196 /* Debug */ = {
			isa = XCBuildConfiguration;
			buildSettings = {
				ALWAYS_SEARCH_USER_PATHS = NO;
				CLANG_ANALYZER_NONNULL = YES;
				CLANG_ANALYZER_NUMBER_OBJECT_CONVERSION = YES_AGGRESSIVE;
				CLANG_CXX_LANGUAGE_STANDARD = "gnu++20";
				CLANG_ENABLE_MODULES = YES;
				CLANG_ENABLE_OBJC_ARC = YES;
				CLANG_ENABLE_OBJC_WEAK = YES;
				CLANG_WARN_BLOCK_CAPTURE_AUTORELEASING = YES;
				CLANG_WARN_BOOL_CONVERSION = YES;
				CLANG_WARN_COMMA = YES;
				CLANG_WARN_CONSTANT_CONVERSION = YES;
				CLANG_WARN_DEPRECATED_OBJC_IMPLEMENTATIONS = YES;
				CLANG_WARN_DIRECT_OBJC_ISA_USAGE = YES_ERROR;
				CLANG_WARN_DOCUMENTATION_COMMENTS = YES;
				CLANG_WARN_EMPTY_BODY = YES;
				CLANG_WARN_ENUM_CONVERSION = YES;
				CLANG_WARN_INFINITE_RECURSION = YES;
				CLANG_WARN_INT_CONVERSION = YES;
				CLANG_WARN_NON_LITERAL_NULL_CONVERSION = YES;
				CLANG_WARN_OBJC_IMPLICIT_RETAIN_SELF = YES;
				CLANG_WARN_OBJC_LITERAL_CONVERSION = YES;
				CLANG_WARN_OBJC_ROOT_CLASS = YES_ERROR;
				CLANG_WARN_QUOTED_INCLUDE_IN_FRAMEWORK_HEADER = YES;
				CLANG_WARN_RANGE_LOOP_ANALYSIS = YES;
				CLANG_WARN_STRICT_PROTOTYPES = YES;
				CLANG_WARN_SUSPICIOUS_MOVE = YES;
				CLANG_WARN_UNGUARDED_AVAILABILITY = YES_AGGRESSIVE;
				CLANG_WARN_UNREACHABLE_CODE = YES;
				CLANG_WARN__DUPLICATE_METHOD_MATCH = YES;
				COPY_PHASE_STRIP = NO;
				DEBUG_INFORMATION_FORMAT = dwarf;
				ENABLE_STRICT_OBJC_MSGSEND = YES;
				ENABLE_TESTABILITY = YES;
				GCC_C_LANGUAGE_STANDARD = gnu11;
				GCC_DYNAMIC_NO_PIC = NO;
				GCC_NO_COMMON_BLOCKS = YES;
				GCC_OPTIMIZATION_LEVEL = 0;
				GCC_PREPROCESSOR_DEFINITIONS = (
					"DEBUG=1",
					"$(inherited)",
				);
				GCC_WARN_64_TO_32_BIT_CONVERSION = YES;
				GCC_WARN_ABOUT_RETURN_TYPE = YES_ERROR;
				GCC_WARN_UNDECLARED_SELECTOR = YES;
				GCC_WARN_UNINITIALIZED_AUTOS = YES_AGGRESSIVE;
				GCC_WARN_UNUSED_FUNCTION = YES;
				GCC_WARN_UNUSED_VARIABLE = YES;
				IPHONEOS_DEPLOYMENT_TARGET = 16.2;
				MTL_ENABLE_DEBUG_INFO = INCLUDE_SOURCE;
				MTL_FAST_MATH = YES;
				ONLY_ACTIVE_ARCH = YES;
				SDKROOT = iphoneos;
			};
			name = Debug;
		};
		7C9203B42CDE1C65007C6196 /* Release */ = {
			isa = XCBuildConfiguration;
			buildSettings = {
				ALWAYS_SEARCH_USER_PATHS = NO;
				CLANG_ANALYZER_NONNULL = YES;
				CLANG_ANALYZER_NUMBER_OBJECT_CONVERSION = YES_AGGRESSIVE;
				CLANG_CXX_LANGUAGE_STANDARD = "gnu++20";
				CLANG_ENABLE_MODULES = YES;
				CLANG_ENABLE_OBJC_ARC = YES;
				CLANG_ENABLE_OBJC_WEAK = YES;
				CLANG_WARN_BLOCK_CAPTURE_AUTORELEASING = YES;
				CLANG_WARN_BOOL_CONVERSION = YES;
				CLANG_WARN_COMMA = YES;
				CLANG_WARN_CONSTANT_CONVERSION = YES;
				CLANG_WARN_DEPRECATED_OBJC_IMPLEMENTATIONS = YES;
				CLANG_WARN_DIRECT_OBJC_ISA_USAGE = YES_ERROR;
				CLANG_WARN_DOCUMENTATION_COMMENTS = YES;
				CLANG_WARN_EMPTY_BODY = YES;
				CLANG_WARN_ENUM_CONVERSION = YES;
				CLANG_WARN_INFINITE_RECURSION = YES;
				CLANG_WARN_INT_CONVERSION = YES;
				CLANG_WARN_NON_LITERAL_NULL_CONVERSION = YES;
				CLANG_WARN_OBJC_IMPLICIT_RETAIN_SELF = YES;
				CLANG_WARN_OBJC_LITERAL_CONVERSION = YES;
				CLANG_WARN_OBJC_ROOT_CLASS = YES_ERROR;
				CLANG_WARN_QUOTED_INCLUDE_IN_FRAMEWORK_HEADER = YES;
				CLANG_WARN_RANGE_LOOP_ANALYSIS = YES;
				CLANG_WARN_STRICT_PROTOTYPES = YES;
				CLANG_WARN_SUSPICIOUS_MOVE = YES;
				CLANG_WARN_UNGUARDED_AVAILABILITY = YES_AGGRESSIVE;
				CLANG_WARN_UNREACHABLE_CODE = YES;
				CLANG_WARN__DUPLICATE_METHOD_MATCH = YES;
				COPY_PHASE_STRIP = NO;
				DEBUG_INFORMATION_FORMAT = "dwarf-with-dsym";
				ENABLE_NS_ASSERTIONS = NO;
				ENABLE_STRICT_OBJC_MSGSEND = YES;
				GCC_C_LANGUAGE_STANDARD = gnu11;
				GCC_NO_COMMON_BLOCKS = YES;
				GCC_WARN_64_TO_32_BIT_CONVERSION = YES;
				GCC_WARN_ABOUT_RETURN_TYPE = YES_ERROR;
				GCC_WARN_UNDECLARED_SELECTOR = YES;
				GCC_WARN_UNINITIALIZED_AUTOS = YES_AGGRESSIVE;
				GCC_WARN_UNUSED_FUNCTION = YES;
				GCC_WARN_UNUSED_VARIABLE = YES;
				IPHONEOS_DEPLOYMENT_TARGET = 16.2;
				MTL_ENABLE_DEBUG_INFO = NO;
				MTL_FAST_MATH = YES;
				SDKROOT = iphoneos;
				VALIDATE_PRODUCT = YES;
			};
			name = Release;
		};
		7C9203B62CDE1C65007C6196 /* Debug */ = {
			isa = XCBuildConfiguration;
			buildSettings = {
				ASSETCATALOG_COMPILER_APPICON_NAME = AppIcon;
				ASSETCATALOG_COMPILER_GLOBAL_ACCENT_COLOR_NAME = AccentColor;
				CODE_SIGN_STYLE = Automatic;
				CURRENT_PROJECT_VERSION = 1;
				GENERATE_INFOPLIST_FILE = YES;
				INFOPLIST_FILE = mywebview/Info.plist;
				INFOPLIST_KEY_UIApplicationSupportsIndirectInputEvents = YES;
				INFOPLIST_KEY_UILaunchStoryboardName = LaunchScreen;
				INFOPLIST_KEY_UIMainStoryboardFile = Main;
				INFOPLIST_KEY_UISupportedInterfaceOrientations_iPad = "UIInterfaceOrientationPortrait UIInterfaceOrientationPortraitUpsideDown UIInterfaceOrientationLandscapeLeft UIInterfaceOrientationLandscapeRight";
				INFOPLIST_KEY_UISupportedInterfaceOrientations_iPhone = "UIInterfaceOrientationPortrait UIInterfaceOrientationLandscapeLeft UIInterfaceOrientationLandscapeRight";
				LD_RUNPATH_SEARCH_PATHS = (
					"$(inherited)",
					"@executable_path/Frameworks",
				);
				MARKETING_VERSION = 1.0;
				PRODUCT_BUNDLE_IDENTIFIER = test.mywebview;
				PRODUCT_NAME = "$(TARGET_NAME)";
				SWIFT_EMIT_LOC_STRINGS = YES;
				TARGETED_DEVICE_FAMILY = "1,2";
			};
			name = Debug;
		};
		7C9203B72CDE1C65007C6196 /* Release */ = {
			isa = XCBuildConfiguration;
			buildSettings = {
				ASSETCATALOG_COMPILER_APPICON_NAME = AppIcon;
				ASSETCATALOG_COMPILER_GLOBAL_ACCENT_COLOR_NAME = AccentColor;
				CODE_SIGN_STYLE = Automatic;
				CURRENT_PROJECT_VERSION = 1;
				GENERATE_INFOPLIST_FILE = YES;
				INFOPLIST_FILE = mywebview/Info.plist;
				INFOPLIST_KEY_UIApplicationSupportsIndirectInputEvents = YES;
				INFOPLIST_KEY_UILaunchStoryboardName = LaunchScreen;
				INFOPLIST_KEY_UIMainStoryboardFile = Main;
				INFOPLIST_KEY_UISupportedInterfaceOrientations_iPad = "UIInterfaceOrientationPortrait UIInterfaceOrientationPortraitUpsideDown UIInterfaceOrientationLandscapeLeft UIInterfaceOrientationLandscapeRight";
				INFOPLIST_KEY_UISupportedInterfaceOrientations_iPhone = "UIInterfaceOrientationPortrait UIInterfaceOrientationLandscapeLeft UIInterfaceOrientationLandscapeRight";
				LD_RUNPATH_SEARCH_PATHS = (
					"$(inherited)",
					"@executable_path/Frameworks",
				);
				MARKETING_VERSION = 1.0;
				PRODUCT_BUNDLE_IDENTIFIER = test.mywebview;
				PRODUCT_NAME = "$(TARGET_NAME)";
				SWIFT_EMIT_LOC_STRINGS = YES;
				TARGETED_DEVICE_FAMILY = "1,2";
			};
			name = Release;
		};
/* End XCBuildConfiguration section */

/* Begin XCConfigurationList section */
		7C9203972CDE1C4E007C6196 /* Build configuration list for PBXProject "mywebview" */ = {
			isa = XCConfigurationList;
			buildConfigurations = (
				7C9203B32CDE1C65007C6196 /* Debug */,
				7C9203B42CDE1C65007C6196 /* Release */,
			);
			defaultConfigurationIsVisible = 0;
			defaultConfigurationName = Release;
		};
		7C9203B52CDE1C65007C6196 /* Build configuration list for PBXNativeTarget "mywebview" */ = {
			isa = XCConfigurationList;
			buildConfigurations = (
				7C9203B62CDE1C65007C6196 /* Debug */,
				7C9203B72CDE1C65007C6196 /* Release */,
			);
			defaultConfigurationIsVisible = 0;
			defaultConfigurationName = Release;
		};
/* End XCConfigurationList section */
	};
	rootObject = 7C9203942CDE1C4E007C6196 /* Project object */;
}
